
Microsoft Visual Studio Solution File, Format Version 12.00
# Visual Studio Version 17
VisualStudioVersion = 17.1.32210.238
MinimumVisualStudioVersion = 10.0.40219.1
Project("{FAE04EC0-301F-11D3-BF4B-00C04F79EFBC}") = "h4", "h4\h4.csproj", "{CADCBC5F-7800-4177-BE07-79ABEFDBC9DF}"
EndProject
Global
	GlobalSection(SolutionConfigurationPlatforms) = preSolution
		Debug|Any CPU = Debug|Any CPU
		Release|Any CPU = Release|Any CPU
	EndGlobalSection
	GlobalSection(ProjectConfigurationPlatforms) = postSolution
		{CADCBC5F-7800-4177-BE07-79ABEFDBC9DF}.Debug|Any CPU.ActiveCfg = Debug|Any CPU
		{CADCBC5F-7800-4177-BE07-79ABEFDBC9DF}.Debug|Any CPU.Build.0 = Debug|Any CPU
		{CADCBC5F-7800-4177-BE07-79ABEFDBC9DF}.Release|Any CPU.ActiveCfg = Release|Any CPU
		{CADCBC5F-7800-4177-BE07-79ABEFDBC9DF}.Release|Any CPU.Build.0 = Release|Any CPU
	EndGlobalSection
	GlobalSection(SolutionProperties) = preSolution
		HideSolutionNode = FALSE
	EndGlobalSection
	GlobalSection(ExtensibilityGlobals) = postSolution
		SolutionGuid = {56A2AE94-1BA1-49C3-A209-18336E361C36}
	EndGlobalSection
EndGlobal
