
Microsoft Visual Studio Solution File, Format Version 12.00
# Visual Studio Version 17
VisualStudioVersion = 17.1.32210.238
MinimumVisualStudioVersion = 10.0.40219.1
Project("{FAE04EC0-301F-11D3-BF4B-00C04F79EFBC}") = "4hafta(fonksiyonlar)", "4hafta(fonksiyonlar)\4hafta(fonksiyonlar).csproj", "{3FE23B6D-2811-4421-8676-3E5B11D94991}"
EndProject
Global
	GlobalSection(SolutionConfigurationPlatforms) = preSolution
		Debug|Any CPU = Debug|Any CPU
		Release|Any CPU = Release|Any CPU
	EndGlobalSection
	GlobalSection(ProjectConfigurationPlatforms) = postSolution
		{3FE23B6D-2811-4421-8676-3E5B11D94991}.Debug|Any CPU.ActiveCfg = Debug|Any CPU
		{3FE23B6D-2811-4421-8676-3E5B11D94991}.Debug|Any CPU.Build.0 = Debug|Any CPU
		{3FE23B6D-2811-4421-8676-3E5B11D94991}.Release|Any CPU.ActiveCfg = Release|Any CPU
		{3FE23B6D-2811-4421-8676-3E5B11D94991}.Release|Any CPU.Build.0 = Release|Any CPU
	EndGlobalSection
	GlobalSection(SolutionProperties) = preSolution
		HideSolutionNode = FALSE
	EndGlobalSection
	GlobalSection(ExtensibilityGlobals) = postSolution
		SolutionGuid = {F41A7B0C-5C25-40BA-8762-2F4BF3EFD201}
	EndGlobalSection
EndGlobal
