
Microsoft Visual Studio Solution File, Format Version 12.00
# Visual Studio Version 17
VisualStudioVersion = 17.1.32210.238
MinimumVisualStudioVersion = 10.0.40219.1
Project("{FAE04EC0-301F-11D3-BF4B-00C04F79EFBC}") = "2ht", "2ht\2ht.csproj", "{D37B9BF2-1CAB-4F40-9BCC-6C2EB3D3D58A}"
EndProject
Global
	GlobalSection(SolutionConfigurationPlatforms) = preSolution
		Debug|Any CPU = Debug|Any CPU
		Release|Any CPU = Release|Any CPU
	EndGlobalSection
	GlobalSection(ProjectConfigurationPlatforms) = postSolution
		{D37B9BF2-1CAB-4F40-9BCC-6C2EB3D3D58A}.Debug|Any CPU.ActiveCfg = Debug|Any CPU
		{D37B9BF2-1CAB-4F40-9BCC-6C2EB3D3D58A}.Debug|Any CPU.Build.0 = Debug|Any CPU
		{D37B9BF2-1CAB-4F40-9BCC-6C2EB3D3D58A}.Release|Any CPU.ActiveCfg = Release|Any CPU
		{D37B9BF2-1CAB-4F40-9BCC-6C2EB3D3D58A}.Release|Any CPU.Build.0 = Release|Any CPU
	EndGlobalSection
	GlobalSection(SolutionProperties) = preSolution
		HideSolutionNode = FALSE
	EndGlobalSection
	GlobalSection(ExtensibilityGlobals) = postSolution
		SolutionGuid = {36F56903-3702-4214-A247-B23B12ED0993}
	EndGlobalSection
EndGlobal
