
Microsoft Visual Studio Solution File, Format Version 12.00
# Visual Studio Version 17
VisualStudioVersion = 17.1.32210.238
MinimumVisualStudioVersion = 10.0.40219.1
Project("{FAE04EC0-301F-11D3-BF4B-00C04F79EFBC}") = "6hafta", "6hafta\6hafta.csproj", "{8838E3B9-228D-4208-9DFB-D778C3CAB1FD}"
EndProject
Global
	GlobalSection(SolutionConfigurationPlatforms) = preSolution
		Debug|Any CPU = Debug|Any CPU
		Release|Any CPU = Release|Any CPU
	EndGlobalSection
	GlobalSection(ProjectConfigurationPlatforms) = postSolution
		{8838E3B9-228D-4208-9DFB-D778C3CAB1FD}.Debug|Any CPU.ActiveCfg = Debug|Any CPU
		{8838E3B9-228D-4208-9DFB-D778C3CAB1FD}.Debug|Any CPU.Build.0 = Debug|Any CPU
		{8838E3B9-228D-4208-9DFB-D778C3CAB1FD}.Release|Any CPU.ActiveCfg = Release|Any CPU
		{8838E3B9-228D-4208-9DFB-D778C3CAB1FD}.Release|Any CPU.Build.0 = Release|Any CPU
	EndGlobalSection
	GlobalSection(SolutionProperties) = preSolution
		HideSolutionNode = FALSE
	EndGlobalSection
	GlobalSection(ExtensibilityGlobals) = postSolution
		SolutionGuid = {5D7CC05B-7AD7-4EB9-BD91-13739896F930}
	EndGlobalSection
EndGlobal
