
Microsoft Visual Studio Solution File, Format Version 12.00
# Visual Studio Version 17
VisualStudioVersion = 17.1.32210.238
MinimumVisualStudioVersion = 10.0.40219.1
Project("{FAE04EC0-301F-11D3-BF4B-00C04F79EFBC}") = "4ht", "4ht\4ht.csproj", "{2AC98F7D-EA27-4DA9-98EB-CE13A4147B63}"
EndProject
Global
	GlobalSection(SolutionConfigurationPlatforms) = preSolution
		Debug|Any CPU = Debug|Any CPU
		Release|Any CPU = Release|Any CPU
	EndGlobalSection
	GlobalSection(ProjectConfigurationPlatforms) = postSolution
		{2AC98F7D-EA27-4DA9-98EB-CE13A4147B63}.Debug|Any CPU.ActiveCfg = Debug|Any CPU
		{2AC98F7D-EA27-4DA9-98EB-CE13A4147B63}.Debug|Any CPU.Build.0 = Debug|Any CPU
		{2AC98F7D-EA27-4DA9-98EB-CE13A4147B63}.Release|Any CPU.ActiveCfg = Release|Any CPU
		{2AC98F7D-EA27-4DA9-98EB-CE13A4147B63}.Release|Any CPU.Build.0 = Release|Any CPU
	EndGlobalSection
	GlobalSection(SolutionProperties) = preSolution
		HideSolutionNode = FALSE
	EndGlobalSection
	GlobalSection(ExtensibilityGlobals) = postSolution
		SolutionGuid = {489FD0B3-1484-43F6-8922-90DE5EF68FDF}
	EndGlobalSection
EndGlobal
